// !$*UTF8*$!
{
	archiveVersion = 1;
	classes = {
	};
	objectVersion = 56;
	objects = {

/* Begin PBXBuildFile section */
		8D04D70C29DCB71A009670F2 /* NewGameViewController.swift in Sources */ = {isa = PBXBuildFile; fileRef = 8D04D70B29DCB71A009670F2 /* NewGameViewController.swift */; };
		8D04D70E29DCBD6C009670F2 /* AnswerCheckViewController.swift in Sources */ = {isa = PBXBuildFile; fileRef = 8D04D70D29DCBD6C009670F2 /* AnswerCheckViewController.swift */; };
		8D0BBD1A29BFB81B00AE7A62 /* correct.caf in Resources */ = {isa = PBXBuildFile; fileRef = 8D0BBD1829BFB81B00AE7A62 /* correct.caf */; };
		8D0BBD1B29BFB81B00AE7A62 /* incorrect.caf in Resources */ = {isa = PBXBuildFile; fileRef = 8D0BBD1929BFB81B00AE7A62 /* incorrect.caf */; };
		8D0E1EED2A03282000B3FA70 /* TimeUpViewController.swift in Sources */ = {isa = PBXBuildFile; fileRef = 8D0E1EEC2A03282000B3FA70 /* TimeUpViewController.swift */; };
		8D454C3E2A799A6300639479 /* SettingsData.swift in Sources */ = {isa = PBXBuildFile; fileRef = 8D454C3D2A799A6300639479 /* SettingsData.swift */; };
		8D4FB98A2A0445BB00F66392 /* timeUp.caf in Resources */ = {isa = PBXBuildFile; fileRef = 8D4FB9892A0445BB00F66392 /* timeUp.caf */; };
		8D61C77A2A8C0B0D008703D7 /* ObjectImageView.swift in Sources */ = {isa = PBXBuildFile; fileRef = 8D61C7792A8C0B0D008703D7 /* ObjectImageView.swift */; };
		8D7F2B212A00346600A7322B /* twoNote.caf in Resources */ = {isa = PBXBuildFile; fileRef = 8D7F2B1F2A00346600A7322B /* twoNote.caf */; };
		8D7F2B222A00346600A7322B /* fiveChord.caf in Resources */ = {isa = PBXBuildFile; fileRef = 8D7F2B202A00346600A7322B /* fiveChord.caf */; };
		8D7F2B242A0051D800A7322B /* TimeViewController.swift in Sources */ = {isa = PBXBuildFile; fileRef = 8D7F2B232A0051D800A7322B /* TimeViewController.swift */; };
		8D863D262A7C3E7700AD621E /* WelcomeViewController.swift in Sources */ = {isa = PBXBuildFile; fileRef = 8D863D252A7C3E7700AD621E /* WelcomeViewController.swift */; };
		8D8EC9B6299AD7B300043D39 /* AppDelegate.swift in Sources */ = {isa = PBXBuildFile; fileRef = 8D8EC9B5299AD7B300043D39 /* AppDelegate.swift */; };
		8D8EC9B8299AD7B300043D39 /* SceneDelegate.swift in Sources */ = {isa = PBXBuildFile; fileRef = 8D8EC9B7299AD7B300043D39 /* SceneDelegate.swift */; };
		8D8EC9BA299AD7B300043D39 /* GameViewController.swift in Sources */ = {isa = PBXBuildFile; fileRef = 8D8EC9B9299AD7B300043D39 /* GameViewController.swift */; };
		8D8EC9BD299AD7B300043D39 /* Main.storyboard in Resources */ = {isa = PBXBuildFile; fileRef = 8D8EC9BB299AD7B300043D39 /* Main.storyboard */; };
		8D8EC9BF299AD7B400043D39 /* Assets.xcassets in Resources */ = {isa = PBXBuildFile; fileRef = 8D8EC9BE299AD7B400043D39 /* Assets.xcassets */; };
		8D8EC9C2299AD7B400043D39 /* LaunchScreen.storyboard in Resources */ = {isa = PBXBuildFile; fileRef = 8D8EC9C0299AD7B400043D39 /* LaunchScreen.storyboard */; };
		8D8EC9CB299ADD9400043D39 /* Objects.swift in Sources */ = {isa = PBXBuildFile; fileRef = 8D8EC9CA299ADD9400043D39 /* Objects.swift */; };
		8DA632392A799C9D00A60458 /* PrivacyInfo.xcprivacy in Resources */ = {isa = PBXBuildFile; fileRef = 8DA632382A799C9D00A60458 /* PrivacyInfo.xcprivacy */; };
		8DA6D96A299C2F4300ED533F /* GameBrain.swift in Sources */ = {isa = PBXBuildFile; fileRef = 8DA6D969299C2F4300ED533F /* GameBrain.swift */; };
		8DA7D5562A7C45D2005AC588 /* LearnViewController.swift in Sources */ = {isa = PBXBuildFile; fileRef = 8DA7D5552A7C45D2005AC588 /* LearnViewController.swift */; };
		8DA7D5582A818098005AC588 /* ChooseAnimalViewController.swift in Sources */ = {isa = PBXBuildFile; fileRef = 8DA7D5572A818098005AC588 /* ChooseAnimalViewController.swift */; };
		8DAFF7CD29E4A8E2006F1598 /* monkey.caf in Resources */ = {isa = PBXBuildFile; fileRef = 8DAFF7CB29E4A8E2006F1598 /* monkey.caf */; };
		8DAFF7CE29E4A8E2006F1598 /* bird.caf in Resources */ = {isa = PBXBuildFile; fileRef = 8DAFF7CC29E4A8E2006F1598 /* bird.caf */; };
		8DC42EC829B1429E0005413B /* SkippyTests.swift in Sources */ = {isa = PBXBuildFile; fileRef = 8DC42EC729B1429E0005413B /* SkippyTests.swift */; };
		8DCC07B529B92CF000A8C1FF /* moo.caf in Resources */ = {isa = PBXBuildFile; fileRef = 8DCC07B429B92CF000A8C1FF /* moo.caf */; };
		8DCC07B729BA849D00A8C1FF /* elephantTrumpet.caf in Resources */ = {isa = PBXBuildFile; fileRef = 8DCC07B629BA849D00A8C1FF /* elephantTrumpet.caf */; };
		8DCC07B929BA8BE900A8C1FF /* carHorn.caf in Resources */ = {isa = PBXBuildFile; fileRef = 8DCC07B829BA8BE900A8C1FF /* carHorn.caf */; };
		8DCD11C929F99B9F0046D6B3 /* tenChord.caf in Resources */ = {isa = PBXBuildFile; fileRef = 8DCD11C829F99B9F0046D6B3 /* tenChord.caf */; };
		8DD741D129CA404900BE0E46 /* bear.caf in Resources */ = {isa = PBXBuildFile; fileRef = 8DD741CE29CA404800BE0E46 /* bear.caf */; };
		8DD741D229CA404900BE0E46 /* airplane.caf in Resources */ = {isa = PBXBuildFile; fileRef = 8DD741CF29CA404900BE0E46 /* airplane.caf */; };
		8DD741D329CA404900BE0E46 /* robot.caf in Resources */ = {isa = PBXBuildFile; fileRef = 8DD741D029CA404900BE0E46 /* robot.caf */; };
/* End PBXBuildFile section */

/* Begin PBXContainerItemProxy section */
		8DC42EC929B1429E0005413B /* PBXContainerItemProxy */ = {
			isa = PBXContainerItemProxy;
			containerPortal = 8D8EC9AA299AD7B300043D39 /* Project object */;
			proxyType = 1;
			remoteGlobalIDString = 8D8EC9B1299AD7B300043D39;
			remoteInfo = Skippy;
		};
/* End PBXContainerItemProxy section */

/* Begin PBXFileReference section */
		8D04D70B29DCB71A009670F2 /* NewGameViewController.swift */ = {isa = PBXFileReference; lastKnownFileType = sourcecode.swift; path = NewGameViewController.swift; sourceTree = "<group>"; };
		8D04D70D29DCBD6C009670F2 /* AnswerCheckViewController.swift */ = {isa = PBXFileReference; lastKnownFileType = sourcecode.swift; path = AnswerCheckViewController.swift; sourceTree = "<group>"; };
		8D0BBD1829BFB81B00AE7A62 /* correct.caf */ = {isa = PBXFileReference; lastKnownFileType = file; path = correct.caf; sourceTree = "<group>"; };
		8D0BBD1929BFB81B00AE7A62 /* incorrect.caf */ = {isa = PBXFileReference; lastKnownFileType = file; path = incorrect.caf; sourceTree = "<group>"; };
		8D0E1EEC2A03282000B3FA70 /* TimeUpViewController.swift */ = {isa = PBXFileReference; lastKnownFileType = sourcecode.swift; path = TimeUpViewController.swift; sourceTree = "<group>"; };
		8D454C3D2A799A6300639479 /* SettingsData.swift */ = {isa = PBXFileReference; fileEncoding = 4; lastKnownFileType = sourcecode.swift; path = SettingsData.swift; sourceTree = "<group>"; };
		8D4FB9892A0445BB00F66392 /* timeUp.caf */ = {isa = PBXFileReference; lastKnownFileType = file; path = timeUp.caf; sourceTree = "<group>"; };
		8D61C7792A8C0B0D008703D7 /* ObjectImageView.swift */ = {isa = PBXFileReference; lastKnownFileType = sourcecode.swift; path = ObjectImageView.swift; sourceTree = "<group>"; };
		8D7B7A1829A5656A00D3C727 /* Info.plist */ = {isa = PBXFileReference; fileEncoding = 4; lastKnownFileType = text.plist.xml; path = Info.plist; sourceTree = "<group>"; };
		8D7F2B1F2A00346600A7322B /* twoNote.caf */ = {isa = PBXFileReference; lastKnownFileType = file; path = twoNote.caf; sourceTree = "<group>"; };
		8D7F2B202A00346600A7322B /* fiveChord.caf */ = {isa = PBXFileReference; lastKnownFileType = file; path = fiveChord.caf; sourceTree = "<group>"; };
		8D7F2B232A0051D800A7322B /* TimeViewController.swift */ = {isa = PBXFileReference; lastKnownFileType = sourcecode.swift; path = TimeViewController.swift; sourceTree = "<group>"; };
		8D863D252A7C3E7700AD621E /* WelcomeViewController.swift */ = {isa = PBXFileReference; fileEncoding = 4; lastKnownFileType = sourcecode.swift; path = WelcomeViewController.swift; sourceTree = "<group>"; };
		8D8EC9B2299AD7B300043D39 /* SkippyNums.app */ = {isa = PBXFileReference; explicitFileType = wrapper.application; includeInIndex = 0; path = SkippyNums.app; sourceTree = BUILT_PRODUCTS_DIR; };
		8D8EC9B5299AD7B300043D39 /* AppDelegate.swift */ = {isa = PBXFileReference; lastKnownFileType = sourcecode.swift; path = AppDelegate.swift; sourceTree = "<group>"; };
		8D8EC9B7299AD7B300043D39 /* SceneDelegate.swift */ = {isa = PBXFileReference; lastKnownFileType = sourcecode.swift; path = SceneDelegate.swift; sourceTree = "<group>"; };
		8D8EC9B9299AD7B300043D39 /* GameViewController.swift */ = {isa = PBXFileReference; lastKnownFileType = sourcecode.swift; path = GameViewController.swift; sourceTree = "<group>"; };
		8D8EC9BC299AD7B300043D39 /* Base */ = {isa = PBXFileReference; lastKnownFileType = file.storyboard; name = Base; path = Base.lproj/Main.storyboard; sourceTree = "<group>"; };
		8D8EC9BE299AD7B400043D39 /* Assets.xcassets */ = {isa = PBXFileReference; lastKnownFileType = folder.assetcatalog; path = Assets.xcassets; sourceTree = "<group>"; };
		8D8EC9C1299AD7B400043D39 /* Base */ = {isa = PBXFileReference; lastKnownFileType = file.storyboard; name = Base; path = Base.lproj/LaunchScreen.storyboard; sourceTree = "<group>"; };
		8D8EC9C9299AD7BC00043D39 /* SkippyNums.entitlements */ = {isa = PBXFileReference; lastKnownFileType = text.plist.entitlements; path = SkippyNums.entitlements; sourceTree = "<group>"; };
		8D8EC9CA299ADD9400043D39 /* Objects.swift */ = {isa = PBXFileReference; lastKnownFileType = sourcecode.swift; path = Objects.swift; sourceTree = "<group>"; };
		8DA632382A799C9D00A60458 /* PrivacyInfo.xcprivacy */ = {isa = PBXFileReference; fileEncoding = 4; lastKnownFileType = text.xml; path = PrivacyInfo.xcprivacy; sourceTree = "<group>"; };
		8DA6D969299C2F4300ED533F /* GameBrain.swift */ = {isa = PBXFileReference; lastKnownFileType = sourcecode.swift; path = GameBrain.swift; sourceTree = "<group>"; };
		8DA7D5552A7C45D2005AC588 /* LearnViewController.swift */ = {isa = PBXFileReference; lastKnownFileType = sourcecode.swift; path = LearnViewController.swift; sourceTree = "<group>"; };
		8DA7D5572A818098005AC588 /* ChooseAnimalViewController.swift */ = {isa = PBXFileReference; lastKnownFileType = sourcecode.swift; path = ChooseAnimalViewController.swift; sourceTree = "<group>"; };
		8DAFF7CB29E4A8E2006F1598 /* monkey.caf */ = {isa = PBXFileReference; lastKnownFileType = file; path = monkey.caf; sourceTree = "<group>"; };
		8DAFF7CC29E4A8E2006F1598 /* bird.caf */ = {isa = PBXFileReference; lastKnownFileType = file; path = bird.caf; sourceTree = "<group>"; };
		8DC42EC529B1429E0005413B /* SkippyNumsTests.xctest */ = {isa = PBXFileReference; explicitFileType = wrapper.cfbundle; includeInIndex = 0; path = SkippyNumsTests.xctest; sourceTree = BUILT_PRODUCTS_DIR; };
		8DC42EC729B1429E0005413B /* SkippyTests.swift */ = {isa = PBXFileReference; lastKnownFileType = sourcecode.swift; path = SkippyTests.swift; sourceTree = "<group>"; };
		8DCC07B429B92CF000A8C1FF /* moo.caf */ = {isa = PBXFileReference; lastKnownFileType = file; path = moo.caf; sourceTree = "<group>"; };
		8DCC07B629BA849D00A8C1FF /* elephantTrumpet.caf */ = {isa = PBXFileReference; lastKnownFileType = file; path = elephantTrumpet.caf; sourceTree = "<group>"; };
		8DCC07B829BA8BE900A8C1FF /* carHorn.caf */ = {isa = PBXFileReference; lastKnownFileType = file; path = carHorn.caf; sourceTree = "<group>"; };
		8DCD11C829F99B9F0046D6B3 /* tenChord.caf */ = {isa = PBXFileReference; lastKnownFileType = file; path = tenChord.caf; sourceTree = "<group>"; };
		8DD741CE29CA404800BE0E46 /* bear.caf */ = {isa = PBXFileReference; lastKnownFileType = file; path = bear.caf; sourceTree = "<group>"; };
		8DD741CF29CA404900BE0E46 /* airplane.caf */ = {isa = PBXFileReference; lastKnownFileType = file; path = airplane.caf; sourceTree = "<group>"; };
		8DD741D029CA404900BE0E46 /* robot.caf */ = {isa = PBXFileReference; lastKnownFileType = file; path = robot.caf; sourceTree = "<group>"; };
/* End PBXFileReference section */

/* Begin PBXFrameworksBuildPhase section */
		8D8EC9AF299AD7B300043D39 /* Frameworks */ = {
			isa = PBXFrameworksBuildPhase;
			buildActionMask = 2147483647;
			files = (
			);
			runOnlyForDeploymentPostprocessing = 0;
		};
		8DC42EC229B1429E0005413B /* Frameworks */ = {
			isa = PBXFrameworksBuildPhase;
			buildActionMask = 2147483647;
			files = (
			);
			runOnlyForDeploymentPostprocessing = 0;
		};
/* End PBXFrameworksBuildPhase section */

/* Begin PBXGroup section */
		8D61C7782A8C0AFA008703D7 /* Views */ = {
			isa = PBXGroup;
			children = (
				8D61C7792A8C0B0D008703D7 /* ObjectImageView.swift */,
			);
			path = Views;
			sourceTree = "<group>";
		};
		8D87C7CA2B02C40E009BBE56 /* UI and Images */ = {
			isa = PBXGroup;
			children = (
				8DC26FB429DDEE3200703ECA /* View Controllers */,
				8D61C7782A8C0AFA008703D7 /* Views */,
				8D8EC9B7299AD7B300043D39 /* SceneDelegate.swift */,
				8D8EC9BB299AD7B300043D39 /* Main.storyboard */,
				8D8EC9BE299AD7B400043D39 /* Assets.xcassets */,
				8D8EC9C0299AD7B400043D39 /* LaunchScreen.storyboard */,
			);
			path = "UI and Images";
			sourceTree = "<group>";
		};
		8D8EC9A9299AD7B300043D39 = {
			isa = PBXGroup;
			children = (
				8D8EC9B4299AD7B300043D39 /* SkippyNums */,
				8DC42EC629B1429E0005413B /* SkippyNumsTests */,
				8D8EC9B3299AD7B300043D39 /* Products */,
			);
			sourceTree = "<group>";
		};
		8D8EC9B3299AD7B300043D39 /* Products */ = {
			isa = PBXGroup;
			children = (
				8D8EC9B2299AD7B300043D39 /* SkippyNums.app */,
				8DC42EC529B1429E0005413B /* SkippyNumsTests.xctest */,
			);
			name = Products;
			sourceTree = "<group>";
		};
		8D8EC9B4299AD7B300043D39 /* SkippyNums */ = {
			isa = PBXGroup;
			children = (
				8DA632382A799C9D00A60458 /* PrivacyInfo.xcprivacy */,
				8D8EC9C9299AD7BC00043D39 /* SkippyNums.entitlements */,
				8D8EC9B5299AD7B300043D39 /* AppDelegate.swift */,
				8D87C7CA2B02C40E009BBE56 /* UI and Images */,
				8DA6D96C299C2F6000ED533F /* Model */,
				8DCC07B329B92CF000A8C1FF /* Sounds */,
				8D7B7A1829A5656A00D3C727 /* Info.plist */,
			);
			path = SkippyNums;
			sourceTree = "<group>";
		};
		8DA6D96C299C2F6000ED533F /* Model */ = {
			isa = PBXGroup;
			children = (
				8D454C3D2A799A6300639479 /* SettingsData.swift */,
				8DA6D969299C2F4300ED533F /* GameBrain.swift */,
				8D8EC9CA299ADD9400043D39 /* Objects.swift */,
			);
			path = Model;
			sourceTree = "<group>";
		};
		8DC26FB429DDEE3200703ECA /* View Controllers */ = {
			isa = PBXGroup;
			children = (
				8D863D252A7C3E7700AD621E /* WelcomeViewController.swift */,
				8D04D70B29DCB71A009670F2 /* NewGameViewController.swift */,
				8D7F2B232A0051D800A7322B /* TimeViewController.swift */,
				8D8EC9B9299AD7B300043D39 /* GameViewController.swift */,
				8D04D70D29DCBD6C009670F2 /* AnswerCheckViewController.swift */,
				8D0E1EEC2A03282000B3FA70 /* TimeUpViewController.swift */,
				8DA7D5552A7C45D2005AC588 /* LearnViewController.swift */,
				8DA7D5572A818098005AC588 /* ChooseAnimalViewController.swift */,
			);
			path = "View Controllers";
			sourceTree = "<group>";
		};
		8DC42EC629B1429E0005413B /* SkippyNumsTests */ = {
			isa = PBXGroup;
			children = (
				8DC42EC729B1429E0005413B /* SkippyTests.swift */,
			);
			path = SkippyNumsTests;
			sourceTree = "<group>";
		};
		8DCC07B329B92CF000A8C1FF /* Sounds */ = {
			isa = PBXGroup;
			children = (
				8D4FB9892A0445BB00F66392 /* timeUp.caf */,
				8D7F2B202A00346600A7322B /* fiveChord.caf */,
				8D7F2B1F2A00346600A7322B /* twoNote.caf */,
				8DCD11C829F99B9F0046D6B3 /* tenChord.caf */,
				8DAFF7CC29E4A8E2006F1598 /* bird.caf */,
				8DAFF7CB29E4A8E2006F1598 /* monkey.caf */,
				8DD741CF29CA404900BE0E46 /* airplane.caf */,
				8DD741CE29CA404800BE0E46 /* bear.caf */,
				8DD741D029CA404900BE0E46 /* robot.caf */,
				8D0BBD1829BFB81B00AE7A62 /* correct.caf */,
				8D0BBD1929BFB81B00AE7A62 /* incorrect.caf */,
				8DCC07B829BA8BE900A8C1FF /* carHorn.caf */,
				8DCC07B629BA849D00A8C1FF /* elephantTrumpet.caf */,
				8DCC07B429B92CF000A8C1FF /* moo.caf */,
			);
			path = Sounds;
			sourceTree = "<group>";
		};
/* End PBXGroup section */

/* Begin PBXNativeTarget section */
		8D8EC9B1299AD7B300043D39 /* SkippyNums */ = {
			isa = PBXNativeTarget;
			buildConfigurationList = 8D8EC9C6299AD7B400043D39 /* Build configuration list for PBXNativeTarget "SkippyNums" */;
			buildPhases = (
				8D8EC9AE299AD7B300043D39 /* Sources */,
				8D8EC9AF299AD7B300043D39 /* Frameworks */,
				8D8EC9B0299AD7B300043D39 /* Resources */,
			);
			buildRules = (
			);
			dependencies = (
			);
			name = SkippyNums;
			productName = Skipy;
			productReference = 8D8EC9B2299AD7B300043D39 /* SkippyNums.app */;
			productType = "com.apple.product-type.application";
		};
		8DC42EC429B1429E0005413B /* SkippyNumsTests */ = {
			isa = PBXNativeTarget;
			buildConfigurationList = 8DC42ECD29B1429E0005413B /* Build configuration list for PBXNativeTarget "SkippyNumsTests" */;
			buildPhases = (
				8DC42EC129B1429E0005413B /* Sources */,
				8DC42EC229B1429E0005413B /* Frameworks */,
				8DC42EC329B1429E0005413B /* Resources */,
			);
			buildRules = (
			);
			dependencies = (
				8DC42ECA29B1429E0005413B /* PBXTargetDependency */,
			);
			name = SkippyNumsTests;
			productName = SkippyTests;
			productReference = 8DC42EC529B1429E0005413B /* SkippyNumsTests.xctest */;
			productType = "com.apple.product-type.bundle.unit-test";
		};
/* End PBXNativeTarget section */

/* Begin PBXProject section */
		8D8EC9AA299AD7B300043D39 /* Project object */ = {
			isa = PBXProject;
			attributes = {
				BuildIndependentTargetsInParallel = 1;
				LastSwiftUpdateCheck = 1420;
				LastUpgradeCheck = 1500;
				TargetAttributes = {
					8D8EC9B1299AD7B300043D39 = {
						CreatedOnToolsVersion = 14.2;
					};
					8DC42EC429B1429E0005413B = {
						CreatedOnToolsVersion = 14.2;
						TestTargetID = 8D8EC9B1299AD7B300043D39;
					};
				};
			};
			buildConfigurationList = 8D8EC9AD299AD7B300043D39 /* Build configuration list for PBXProject "SkippyNums" */;
			compatibilityVersion = "Xcode 14.0";
			developmentRegion = en;
			hasScannedForEncodings = 0;
			knownRegions = (
				en,
				Base,
			);
			mainGroup = 8D8EC9A9299AD7B300043D39;
			productRefGroup = 8D8EC9B3299AD7B300043D39 /* Products */;
			projectDirPath = "";
			projectRoot = "";
			targets = (
				8D8EC9B1299AD7B300043D39 /* SkippyNums */,
				8DC42EC429B1429E0005413B /* SkippyNumsTests */,
			);
		};
/* End PBXProject section */

/* Begin PBXResourcesBuildPhase section */
		8D8EC9B0299AD7B300043D39 /* Resources */ = {
			isa = PBXResourcesBuildPhase;
			buildActionMask = 2147483647;
			files = (
				8DD741D129CA404900BE0E46 /* bear.caf in Resources */,
				8DAFF7CD29E4A8E2006F1598 /* monkey.caf in Resources */,
				8D0BBD1A29BFB81B00AE7A62 /* correct.caf in Resources */,
				8D4FB98A2A0445BB00F66392 /* timeUp.caf in Resources */,
				8DD741D229CA404900BE0E46 /* airplane.caf in Resources */,
				8D8EC9C2299AD7B400043D39 /* LaunchScreen.storyboard in Resources */,
				8DAFF7CE29E4A8E2006F1598 /* bird.caf in Resources */,
				8DCC07B729BA849D00A8C1FF /* elephantTrumpet.caf in Resources */,
				8D8EC9BF299AD7B400043D39 /* Assets.xcassets in Resources */,
				8DCC07B929BA8BE900A8C1FF /* carHorn.caf in Resources */,
				8DCC07B529B92CF000A8C1FF /* moo.caf in Resources */,
				8D0BBD1B29BFB81B00AE7A62 /* incorrect.caf in Resources */,
				8DA632392A799C9D00A60458 /* PrivacyInfo.xcprivacy in Resources */,
				8DCD11C929F99B9F0046D6B3 /* tenChord.caf in Resources */,
				8DD741D329CA404900BE0E46 /* robot.caf in Resources */,
				8D7F2B212A00346600A7322B /* twoNote.caf in Resources */,
				8D8EC9BD299AD7B300043D39 /* Main.storyboard in Resources */,
				8D7F2B222A00346600A7322B /* fiveChord.caf in Resources */,
			);
			runOnlyForDeploymentPostprocessing = 0;
		};
		8DC42EC329B1429E0005413B /* Resources */ = {
			isa = PBXResourcesBuildPhase;
			buildActionMask = 2147483647;
			files = (
			);
			runOnlyForDeploymentPostprocessing = 0;
		};
/* End PBXResourcesBuildPhase section */

/* Begin PBXSourcesBuildPhase section */
		8D8EC9AE299AD7B300043D39 /* Sources */ = {
			isa = PBXSourcesBuildPhase;
			buildActionMask = 2147483647;
			files = (
				8D8EC9BA299AD7B300043D39 /* GameViewController.swift in Sources */,
				8D61C77A2A8C0B0D008703D7 /* ObjectImageView.swift in Sources */,
				8D7F2B242A0051D800A7322B /* TimeViewController.swift in Sources */,
				8D863D262A7C3E7700AD621E /* WelcomeViewController.swift in Sources */,
				8D454C3E2A799A6300639479 /* SettingsData.swift in Sources */,
				8DA6D96A299C2F4300ED533F /* GameBrain.swift in Sources */,
				8D04D70E29DCBD6C009670F2 /* AnswerCheckViewController.swift in Sources */,
				8DA7D5562A7C45D2005AC588 /* LearnViewController.swift in Sources */,
				8D8EC9B6299AD7B300043D39 /* AppDelegate.swift in Sources */,
				8D8EC9CB299ADD9400043D39 /* Objects.swift in Sources */,
				8D8EC9B8299AD7B300043D39 /* SceneDelegate.swift in Sources */,
				8D0E1EED2A03282000B3FA70 /* TimeUpViewController.swift in Sources */,
				8DA7D5582A818098005AC588 /* ChooseAnimalViewController.swift in Sources */,
				8D04D70C29DCB71A009670F2 /* NewGameViewController.swift in Sources */,
			);
			runOnlyForDeploymentPostprocessing = 0;
		};
		8DC42EC129B1429E0005413B /* Sources */ = {
			isa = PBXSourcesBuildPhase;
			buildActionMask = 2147483647;
			files = (
				8DC42EC829B1429E0005413B /* SkippyTests.swift in Sources */,
			);
			runOnlyForDeploymentPostprocessing = 0;
		};
/* End PBXSourcesBuildPhase section */

/* Begin PBXTargetDependency section */
		8DC42ECA29B1429E0005413B /* PBXTargetDependency */ = {
			isa = PBXTargetDependency;
			target = 8D8EC9B1299AD7B300043D39 /* SkippyNums */;
			targetProxy = 8DC42EC929B1429E0005413B /* PBXContainerItemProxy */;
		};
/* End PBXTargetDependency section */

/* Begin PBXVariantGroup section */
		8D8EC9BB299AD7B300043D39 /* Main.storyboard */ = {
			isa = PBXVariantGroup;
			children = (
				8D8EC9BC299AD7B300043D39 /* Base */,
			);
			name = Main.storyboard;
			sourceTree = "<group>";
		};
		8D8EC9C0299AD7B400043D39 /* LaunchScreen.storyboard */ = {
			isa = PBXVariantGroup;
			children = (
				8D8EC9C1299AD7B400043D39 /* Base */,
			);
			name = LaunchScreen.storyboard;
			sourceTree = "<group>";
		};
/* End PBXVariantGroup section */

/* Begin XCBuildConfiguration section */
		8D8EC9C4299AD7B400043D39 /* Debug */ = {
			isa = XCBuildConfiguration;
			buildSettings = {
				ALWAYS_SEARCH_USER_PATHS = NO;
				CLANG_ANALYZER_NONNULL = YES;
				CLANG_ANALYZER_NUMBER_OBJECT_CONVERSION = YES_AGGRESSIVE;
				CLANG_CXX_LANGUAGE_STANDARD = "gnu++20";
				CLANG_ENABLE_MODULES = YES;
				CLANG_ENABLE_OBJC_ARC = YES;
				CLANG_ENABLE_OBJC_WEAK = YES;
				CLANG_WARN_BLOCK_CAPTURE_AUTORELEASING = YES;
				CLANG_WARN_BOOL_CONVERSION = YES;
				CLANG_WARN_COMMA = YES;
				CLANG_WARN_CONSTANT_CONVERSION = YES;
				CLANG_WARN_DEPRECATED_OBJC_IMPLEMENTATIONS = YES;
				CLANG_WARN_DIRECT_OBJC_ISA_USAGE = YES_ERROR;
				CLANG_WARN_DOCUMENTATION_COMMENTS = YES;
				CLANG_WARN_EMPTY_BODY = YES;
				CLANG_WARN_ENUM_CONVERSION = YES;
				CLANG_WARN_INFINITE_RECURSION = YES;
				CLANG_WARN_INT_CONVERSION = YES;
				CLANG_WARN_NON_LITERAL_NULL_CONVERSION = YES;
				CLANG_WARN_OBJC_IMPLICIT_RETAIN_SELF = YES;
				CLANG_WARN_OBJC_LITERAL_CONVERSION = YES;
				CLANG_WARN_OBJC_ROOT_CLASS = YES_ERROR;
				CLANG_WARN_QUOTED_INCLUDE_IN_FRAMEWORK_HEADER = YES;
				CLANG_WARN_RANGE_LOOP_ANALYSIS = YES;
				CLANG_WARN_STRICT_PROTOTYPES = YES;
				CLANG_WARN_SUSPICIOUS_MOVE = YES;
				CLANG_WARN_UNGUARDED_AVAILABILITY = YES_AGGRESSIVE;
				CLANG_WARN_UNREACHABLE_CODE = YES;
				CLANG_WARN__DUPLICATE_METHOD_MATCH = YES;
				COPY_PHASE_STRIP = NO;
				DEBUG_INFORMATION_FORMAT = dwarf;
				ENABLE_STRICT_OBJC_MSGSEND = YES;
				ENABLE_TESTABILITY = YES;
				ENABLE_USER_SCRIPT_SANDBOXING = YES;
				GCC_C_LANGUAGE_STANDARD = gnu11;
				GCC_DYNAMIC_NO_PIC = NO;
				GCC_NO_COMMON_BLOCKS = YES;
				GCC_OPTIMIZATION_LEVEL = 0;
				GCC_PREPROCESSOR_DEFINITIONS = (
					"DEBUG=1",
					"$(inherited)",
				);
				GCC_WARN_64_TO_32_BIT_CONVERSION = YES;
				GCC_WARN_ABOUT_RETURN_TYPE = YES_ERROR;
				GCC_WARN_UNDECLARED_SELECTOR = YES;
				GCC_WARN_UNINITIALIZED_AUTOS = YES_AGGRESSIVE;
				GCC_WARN_UNUSED_FUNCTION = YES;
				GCC_WARN_UNUSED_VARIABLE = YES;
				IPHONEOS_DEPLOYMENT_TARGET = 16.2;
				MTL_ENABLE_DEBUG_INFO = INCLUDE_SOURCE;
				MTL_FAST_MATH = YES;
				ONLY_ACTIVE_ARCH = YES;
				SDKROOT = iphoneos;
				SWIFT_ACTIVE_COMPILATION_CONDITIONS = DEBUG;
				SWIFT_OPTIMIZATION_LEVEL = "-Onone";
			};
			name = Debug;
		};
		8D8EC9C5299AD7B400043D39 /* Release */ = {
			isa = XCBuildConfiguration;
			buildSettings = {
				ALWAYS_SEARCH_USER_PATHS = NO;
				CLANG_ANALYZER_NONNULL = YES;
				CLANG_ANALYZER_NUMBER_OBJECT_CONVERSION = YES_AGGRESSIVE;
				CLANG_CXX_LANGUAGE_STANDARD = "gnu++20";
				CLANG_ENABLE_MODULES = YES;
				CLANG_ENABLE_OBJC_ARC = YES;
				CLANG_ENABLE_OBJC_WEAK = YES;
				CLANG_WARN_BLOCK_CAPTURE_AUTORELEASING = YES;
				CLANG_WARN_BOOL_CONVERSION = YES;
				CLANG_WARN_COMMA = YES;
				CLANG_WARN_CONSTANT_CONVERSION = YES;
				CLANG_WARN_DEPRECATED_OBJC_IMPLEMENTATIONS = YES;
				CLANG_WARN_DIRECT_OBJC_ISA_USAGE = YES_ERROR;
				CLANG_WARN_DOCUMENTATION_COMMENTS = YES;
				CLANG_WARN_EMPTY_BODY = YES;
				CLANG_WARN_ENUM_CONVERSION = YES;
				CLANG_WARN_INFINITE_RECURSION = YES;
				CLANG_WARN_INT_CONVERSION = YES;
				CLANG_WARN_NON_LITERAL_NULL_CONVERSION = YES;
				CLANG_WARN_OBJC_IMPLICIT_RETAIN_SELF = YES;
				CLANG_WARN_OBJC_LITERAL_CONVERSION = YES;
				CLANG_WARN_OBJC_ROOT_CLASS = YES_ERROR;
				CLANG_WARN_QUOTED_INCLUDE_IN_FRAMEWORK_HEADER = YES;
				CLANG_WARN_RANGE_LOOP_ANALYSIS = YES;
				CLANG_WARN_STRICT_PROTOTYPES = YES;
				CLANG_WARN_SUSPICIOUS_MOVE = YES;
				CLANG_WARN_UNGUARDED_AVAILABILITY = YES_AGGRESSIVE;
				CLANG_WARN_UNREACHABLE_CODE = YES;
				CLANG_WARN__DUPLICATE_METHOD_MATCH = YES;
				COPY_PHASE_STRIP = NO;
				DEBUG_INFORMATION_FORMAT = "dwarf-with-dsym";
				ENABLE_NS_ASSERTIONS = NO;
				ENABLE_STRICT_OBJC_MSGSEND = YES;
				ENABLE_USER_SCRIPT_SANDBOXING = YES;
				GCC_C_LANGUAGE_STANDARD = gnu11;
				GCC_NO_COMMON_BLOCKS = YES;
				GCC_WARN_64_TO_32_BIT_CONVERSION = YES;
				GCC_WARN_ABOUT_RETURN_TYPE = YES_ERROR;
				GCC_WARN_UNDECLARED_SELECTOR = YES;
				GCC_WARN_UNINITIALIZED_AUTOS = YES_AGGRESSIVE;
				GCC_WARN_UNUSED_FUNCTION = YES;
				GCC_WARN_UNUSED_VARIABLE = YES;
				IPHONEOS_DEPLOYMENT_TARGET = 16.2;
				MTL_ENABLE_DEBUG_INFO = NO;
				MTL_FAST_MATH = YES;
				SDKROOT = iphoneos;
				SWIFT_COMPILATION_MODE = wholemodule;
				SWIFT_OPTIMIZATION_LEVEL = "-O";
				VALIDATE_PRODUCT = YES;
			};
			name = Release;
		};
		8D8EC9C7299AD7B400043D39 /* Debug */ = {
			isa = XCBuildConfiguration;
			buildSettings = {
				ASSETCATALOG_COMPILER_APPICON_NAME = AppIcon;
				ASSETCATALOG_COMPILER_GLOBAL_ACCENT_COLOR_NAME = AccentColor;
				CODE_SIGN_ENTITLEMENTS = SkippyNums/SkippyNums.entitlements;
				CODE_SIGN_STYLE = Automatic;
				CURRENT_PROJECT_VERSION = 200;
				DEVELOPMENT_TEAM = 3B6G4T54X3;
				GENERATE_INFOPLIST_FILE = YES;
				INFOPLIST_FILE = SkippyNums/Info.plist;
				INFOPLIST_KEY_LSApplicationCategoryType = "public.app-category.education";
				INFOPLIST_KEY_NSHumanReadableCopyright = "Copyright © 2023 SheftApps. All rights reserved.";
				INFOPLIST_KEY_UIApplicationSupportsIndirectInputEvents = YES;
				INFOPLIST_KEY_UILaunchStoryboardName = LaunchScreen;
				INFOPLIST_KEY_UIMainStoryboardFile = Main;
				INFOPLIST_KEY_UIRequiresFullScreen = YES;
				INFOPLIST_KEY_UISupportedInterfaceOrientations = "UIInterfaceOrientationLandscapeLeft UIInterfaceOrientationLandscapeRight UIInterfaceOrientationPortrait";
				INFOPLIST_KEY_UISupportedInterfaceOrientations_iPad = "UIInterfaceOrientationLandscapeLeft UIInterfaceOrientationLandscapeRight";
				IPHONEOS_DEPLOYMENT_TARGET = 15.0;
				LD_RUNPATH_SEARCH_PATHS = (
					"$(inherited)",
					"@executable_path/Frameworks",
				);
				MARKETING_VERSION = 2023.12;
				PRODUCT_BUNDLE_IDENTIFIER = com.tylersheft.SkippyNums;
				PRODUCT_NAME = "$(TARGET_NAME)";
				SUPPORTED_PLATFORMS = "iphoneos iphonesimulator";
				SUPPORTS_MACCATALYST = YES;
				SUPPORTS_MAC_DESIGNED_FOR_IPHONE_IPAD = NO;
				SUPPORTS_XR_DESIGNED_FOR_IPHONE_IPAD = NO;
				SWIFT_EMIT_LOC_STRINGS = YES;
				SWIFT_VERSION = 5.0;
				TARGETED_DEVICE_FAMILY = 2;
			};
			name = Debug;
		};
		8D8EC9C8299AD7B400043D39 /* Release */ = {
			isa = XCBuildConfiguration;
			buildSettings = {
				ASSETCATALOG_COMPILER_APPICON_NAME = AppIcon;
				ASSETCATALOG_COMPILER_GLOBAL_ACCENT_COLOR_NAME = AccentColor;
				CODE_SIGN_ENTITLEMENTS = SkippyNums/SkippyNums.entitlements;
				CODE_SIGN_STYLE = Automatic;
				CURRENT_PROJECT_VERSION = 200;
				DEVELOPMENT_TEAM = 3B6G4T54X3;
				GENERATE_INFOPLIST_FILE = YES;
				INFOPLIST_FILE = SkippyNums/Info.plist;
				INFOPLIST_KEY_LSApplicationCategoryType = "public.app-category.education";
				INFOPLIST_KEY_NSHumanReadableCopyright = "Copyright © 2023 SheftApps. All rights reserved.";
				INFOPLIST_KEY_UIApplicationSupportsIndirectInputEvents = YES;
				INFOPLIST_KEY_UILaunchStoryboardName = LaunchScreen;
				INFOPLIST_KEY_UIMainStoryboardFile = Main;
				INFOPLIST_KEY_UIRequiresFullScreen = YES;
				INFOPLIST_KEY_UISupportedInterfaceOrientations = "UIInterfaceOrientationLandscapeLeft UIInterfaceOrientationLandscapeRight UIInterfaceOrientationPortrait";
				INFOPLIST_KEY_UISupportedInterfaceOrientations_iPad = "UIInterfaceOrientationLandscapeLeft UIInterfaceOrientationLandscapeRight";
				IPHONEOS_DEPLOYMENT_TARGET = 15.0;
				LD_RUNPATH_SEARCH_PATHS = (
					"$(inherited)",
					"@executable_path/Frameworks",
				);
				MARKETING_VERSION = 2023.12;
				PRODUCT_BUNDLE_IDENTIFIER = com.tylersheft.SkippyNums;
				PRODUCT_NAME = "$(TARGET_NAME)";
				SUPPORTED_PLATFORMS = "iphoneos iphonesimulator";
				SUPPORTS_MACCATALYST = YES;
				SUPPORTS_MAC_DESIGNED_FOR_IPHONE_IPAD = NO;
				SUPPORTS_XR_DESIGNED_FOR_IPHONE_IPAD = NO;
				SWIFT_EMIT_LOC_STRINGS = YES;
				SWIFT_VERSION = 5.0;
				TARGETED_DEVICE_FAMILY = 2;
			};
			name = Release;
		};
		8DC42ECB29B1429E0005413B /* Debug */ = {
			isa = XCBuildConfiguration;
			buildSettings = {
				BUNDLE_LOADER = "$(TEST_HOST)";
				CODE_SIGN_STYLE = Automatic;
				CURRENT_PROJECT_VERSION = 1;
				DEVELOPMENT_TEAM = 3B6G4T54X3;
				GENERATE_INFOPLIST_FILE = YES;
				IPHONEOS_DEPLOYMENT_TARGET = 15.0;
				MARKETING_VERSION = 1.0;
				PRODUCT_BUNDLE_IDENTIFIER = TechWithTyler.SkippyTests;
				PRODUCT_NAME = "$(TARGET_NAME)";
				SUPPORTED_PLATFORMS = "iphoneos iphonesimulator";
				SUPPORTS_MACCATALYST = YES;
				SUPPORTS_MAC_DESIGNED_FOR_IPHONE_IPAD = NO;
				SWIFT_EMIT_LOC_STRINGS = NO;
				SWIFT_VERSION = 5.0;
				TARGETED_DEVICE_FAMILY = "1,2";
				TEST_HOST = "$(BUILT_PRODUCTS_DIR)/SkippyNums.app/$(BUNDLE_EXECUTABLE_FOLDER_PATH)/SkippyNums";
			};
			name = Debug;
		};
		8DC42ECC29B1429E0005413B /* Release */ = {
			isa = XCBuildConfiguration;
			buildSettings = {
				BUNDLE_LOADER = "$(TEST_HOST)";
				CODE_SIGN_STYLE = Automatic;
				CURRENT_PROJECT_VERSION = 1;
				DEVELOPMENT_TEAM = 3B6G4T54X3;
				GENERATE_INFOPLIST_FILE = YES;
				IPHONEOS_DEPLOYMENT_TARGET = 15.0;
				MARKETING_VERSION = 1.0;
				PRODUCT_BUNDLE_IDENTIFIER = TechWithTyler.SkippyTests;
				PRODUCT_NAME = "$(TARGET_NAME)";
				SUPPORTED_PLATFORMS = "iphoneos iphonesimulator";
				SUPPORTS_MACCATALYST = YES;
				SUPPORTS_MAC_DESIGNED_FOR_IPHONE_IPAD = NO;
				SWIFT_EMIT_LOC_STRINGS = NO;
				SWIFT_VERSION = 5.0;
				TARGETED_DEVICE_FAMILY = "1,2";
				TEST_HOST = "$(BUILT_PRODUCTS_DIR)/SkippyNums.app/$(BUNDLE_EXECUTABLE_FOLDER_PATH)/SkippyNums";
			};
			name = Release;
		};
/* End XCBuildConfiguration section */

/* Begin XCConfigurationList section */
		8D8EC9AD299AD7B300043D39 /* Build configuration list for PBXProject "SkippyNums" */ = {
			isa = XCConfigurationList;
			buildConfigurations = (
				8D8EC9C4299AD7B400043D39 /* Debug */,
				8D8EC9C5299AD7B400043D39 /* Release */,
			);
			defaultConfigurationIsVisible = 0;
			defaultConfigurationName = Release;
		};
		8D8EC9C6299AD7B400043D39 /* Build configuration list for PBXNativeTarget "SkippyNums" */ = {
			isa = XCConfigurationList;
			buildConfigurations = (
				8D8EC9C7299AD7B400043D39 /* Debug */,
				8D8EC9C8299AD7B400043D39 /* Release */,
			);
			defaultConfigurationIsVisible = 0;
			defaultConfigurationName = Release;
		};
		8DC42ECD29B1429E0005413B /* Build configuration list for PBXNativeTarget "SkippyNumsTests" */ = {
			isa = XCConfigurationList;
			buildConfigurations = (
				8DC42ECB29B1429E0005413B /* Debug */,
				8DC42ECC29B1429E0005413B /* Release */,
			);
			defaultConfigurationIsVisible = 0;
			defaultConfigurationName = Release;
		};
/* End XCConfigurationList section */
	};
	rootObject = 8D8EC9AA299AD7B300043D39 /* Project object */;
}
